
Microsoft Visual Studio Solution File, Format Version 12.00
# Visual Studio 15
VisualStudioVersion = 15.0.28010.2036
MinimumVisualStudioVersion = 10.0.40219.1
Project("{9A19103F-16F7-4668-BE54-9A1E7A4F7556}") = "AdventOfCode.1", "AdventOfCode.1\AdventOfCode.1.csproj", "{BC2ED30C-907C-459A-B4CE-7B623814D43A}"
EndProject
Project("{9A19103F-16F7-4668-BE54-9A1E7A4F7556}") = "AdventOfCode.2", "AdventOfCode.2\AdventOfCode.2.csproj", "{462B9F59-BF4C-447C-8299-344349F3C2B5}"
EndProject
Project("{9A19103F-16F7-4668-BE54-9A1E7A4F7556}") = "AdventOfCode.3", "AdventOfCode.3\AdventOfCode.3.csproj", "{D0665E10-7730-457A-8EC4-71EEA911DE86}"
EndProject
Project("{9A19103F-16F7-4668-BE54-9A1E7A4F7556}") = "AdventOfCode.4", "AdventOfCode.4\AdventOfCode.4.csproj", "{1AB26CFF-C866-4C17-BBA0-5DE510259F1A}"
EndProject
Project("{FAE04EC0-301F-11D3-BF4B-00C04F79EFBC}") = "AdventOfCode.5", "AdventOfCode.5\AdventOfCode.5.csproj", "{1FF6E5FA-0DD8-44A1-B802-3C2B310E5252}"
EndProject
Project("{FAE04EC0-301F-11D3-BF4B-00C04F79EFBC}") = "AdventOfCode.6", "AdventOfCode.6\AdventOfCode.6.csproj", "{FDFEC2C3-B2E1-499F-B787-BFF951541DD8}"
EndProject
Global
	GlobalSection(SolutionConfigurationPlatforms) = preSolution
		Debug|Any CPU = Debug|Any CPU
		Release|Any CPU = Release|Any CPU
	EndGlobalSection
	GlobalSection(ProjectConfigurationPlatforms) = postSolution
		{BC2ED30C-907C-459A-B4CE-7B623814D43A}.Debug|Any CPU.ActiveCfg = Debug|Any CPU
		{BC2ED30C-907C-459A-B4CE-7B623814D43A}.Debug|Any CPU.Build.0 = Debug|Any CPU
		{BC2ED30C-907C-459A-B4CE-7B623814D43A}.Release|Any CPU.ActiveCfg = Release|Any CPU
		{BC2ED30C-907C-459A-B4CE-7B623814D43A}.Release|Any CPU.Build.0 = Release|Any CPU
		{462B9F59-BF4C-447C-8299-344349F3C2B5}.Debug|Any CPU.ActiveCfg = Debug|Any CPU
		{462B9F59-BF4C-447C-8299-344349F3C2B5}.Debug|Any CPU.Build.0 = Debug|Any CPU
		{462B9F59-BF4C-447C-8299-344349F3C2B5}.Release|Any CPU.ActiveCfg = Release|Any CPU
		{462B9F59-BF4C-447C-8299-344349F3C2B5}.Release|Any CPU.Build.0 = Release|Any CPU
		{D0665E10-7730-457A-8EC4-71EEA911DE86}.Debug|Any CPU.ActiveCfg = Debug|Any CPU
		{D0665E10-7730-457A-8EC4-71EEA911DE86}.Debug|Any CPU.Build.0 = Debug|Any CPU
		{D0665E10-7730-457A-8EC4-71EEA911DE86}.Release|Any CPU.ActiveCfg = Release|Any CPU
		{D0665E10-7730-457A-8EC4-71EEA911DE86}.Release|Any CPU.Build.0 = Release|Any CPU
		{1AB26CFF-C866-4C17-BBA0-5DE510259F1A}.Debug|Any CPU.ActiveCfg = Debug|Any CPU
		{1AB26CFF-C866-4C17-BBA0-5DE510259F1A}.Debug|Any CPU.Build.0 = Debug|Any CPU
		{1AB26CFF-C866-4C17-BBA0-5DE510259F1A}.Release|Any CPU.ActiveCfg = Release|Any CPU
		{1AB26CFF-C866-4C17-BBA0-5DE510259F1A}.Release|Any CPU.Build.0 = Release|Any CPU
	EndGlobalSection
	GlobalSection(SolutionProperties) = preSolution
		HideSolutionNode = FALSE
	EndGlobalSection
	GlobalSection(ExtensibilityGlobals) = postSolution
		SolutionGuid = {E8303482-D61C-4BAF-979D-C5FE527301E6}
	EndGlobalSection
EndGlobal
